
Microsoft Visual Studio Solution File, Format Version 12.00
# Visual Studio Version 17
VisualStudioVersion = 17.6.33829.357
MinimumVisualStudioVersion = 10.0.40219.1
Project("{FAE04EC0-301F-11D3-BF4B-00C04F79EFBC}") = "01. Change List", "01. Change List\01. Change List.csproj", "{4EE880EE-DCF8-472B-8031-E17C4E885D89}"
EndProject
Project("{FAE04EC0-301F-11D3-BF4B-00C04F79EFBC}") = "02. List of Products", "02. List of Products\02. List of Products.csproj", "{B92F11DA-8B42-4361-9436-7023C99C43E3}"
EndProject
Project("{FAE04EC0-301F-11D3-BF4B-00C04F79EFBC}") = "03. Remove Negatives and Reverse", "03. Remove Negatives and Reverse\03. Remove Negatives and Reverse.csproj", "{D7A792C8-915D-4D5C-9D88-A2C2BB2B70CD}"
EndProject
Project("{FAE04EC0-301F-11D3-BF4B-00C04F79EFBC}") = "04. List Manipulation Basics", "04. List Manipulation Basics\04. List Manipulation Basics.csproj", "{98F36718-3420-45B7-9F57-D0E0AF104ACA}"
EndProject
Project("{FAE04EC0-301F-11D3-BF4B-00C04F79EFBC}") = "05.List Manipulation Advance", "05.List Manipulation Advance\05.List Manipulation Advance.csproj", "{BB9A07B3-7714-4E5A-83AC-A6454BC4EE53}"
EndProject
Global
	GlobalSection(SolutionConfigurationPlatforms) = preSolution
		Debug|Any CPU = Debug|Any CPU
		Release|Any CPU = Release|Any CPU
	EndGlobalSection
	GlobalSection(ProjectConfigurationPlatforms) = postSolution
		{4EE880EE-DCF8-472B-8031-E17C4E885D89}.Debug|Any CPU.ActiveCfg = Debug|Any CPU
		{4EE880EE-DCF8-472B-8031-E17C4E885D89}.Debug|Any CPU.Build.0 = Debug|Any CPU
		{4EE880EE-DCF8-472B-8031-E17C4E885D89}.Release|Any CPU.ActiveCfg = Release|Any CPU
		{4EE880EE-DCF8-472B-8031-E17C4E885D89}.Release|Any CPU.Build.0 = Release|Any CPU
		{B92F11DA-8B42-4361-9436-7023C99C43E3}.Debug|Any CPU.ActiveCfg = Debug|Any CPU
		{B92F11DA-8B42-4361-9436-7023C99C43E3}.Debug|Any CPU.Build.0 = Debug|Any CPU
		{B92F11DA-8B42-4361-9436-7023C99C43E3}.Release|Any CPU.ActiveCfg = Release|Any CPU
		{B92F11DA-8B42-4361-9436-7023C99C43E3}.Release|Any CPU.Build.0 = Release|Any CPU
		{D7A792C8-915D-4D5C-9D88-A2C2BB2B70CD}.Debug|Any CPU.ActiveCfg = Debug|Any CPU
		{D7A792C8-915D-4D5C-9D88-A2C2BB2B70CD}.Debug|Any CPU.Build.0 = Debug|Any CPU
		{D7A792C8-915D-4D5C-9D88-A2C2BB2B70CD}.Release|Any CPU.ActiveCfg = Release|Any CPU
		{D7A792C8-915D-4D5C-9D88-A2C2BB2B70CD}.Release|Any CPU.Build.0 = Release|Any CPU
		{98F36718-3420-45B7-9F57-D0E0AF104ACA}.Debug|Any CPU.ActiveCfg = Debug|Any CPU
		{98F36718-3420-45B7-9F57-D0E0AF104ACA}.Debug|Any CPU.Build.0 = Debug|Any CPU
		{98F36718-3420-45B7-9F57-D0E0AF104ACA}.Release|Any CPU.ActiveCfg = Release|Any CPU
		{98F36718-3420-45B7-9F57-D0E0AF104ACA}.Release|Any CPU.Build.0 = Release|Any CPU
		{BB9A07B3-7714-4E5A-83AC-A6454BC4EE53}.Debug|Any CPU.ActiveCfg = Debug|Any CPU
		{BB9A07B3-7714-4E5A-83AC-A6454BC4EE53}.Debug|Any CPU.Build.0 = Debug|Any CPU
		{BB9A07B3-7714-4E5A-83AC-A6454BC4EE53}.Release|Any CPU.ActiveCfg = Release|Any CPU
		{BB9A07B3-7714-4E5A-83AC-A6454BC4EE53}.Release|Any CPU.Build.0 = Release|Any CPU
	EndGlobalSection
	GlobalSection(SolutionProperties) = preSolution
		HideSolutionNode = FALSE
	EndGlobalSection
	GlobalSection(ExtensibilityGlobals) = postSolution
		SolutionGuid = {6BDD2688-CE29-43F3-BD91-E72F6B2AA872}
	EndGlobalSection
EndGlobal
